# This file is autogenerated, do not edit; changes may be undone by the next 'dep ensure'.


[[projects]]
  name = "github.com/ethereum/go-ethereum"
  packages = [
    "common",
    "common/hexutil",
    "crypto/sha3"
  ]
  revision = "dea1ce052a10cd7d401a5c04f83f371a06fe293c"
  version = "v1.8.11"

[solve-meta]
  analyzer-name = "dep"
  analyzer-version = 1
  inputs-digest = "522cc0a69e4293035acaa7fbb12de3c625035953cb5217ada7eedf148c2ffc5b"
  solver-name = "gps-cdcl"
  solver-version = 1
